
Microsoft Visual Studio Solution File, Format Version 12.00
# Visual Studio Version 17
VisualStudioVersion = 17.5.33414.496
MinimumVisualStudioVersion = 10.0.40219.1
Project("{9A19103F-16F7-4668-BE54-9A1E7A4F7556}") = "Domain", "Domain\Domain.csproj", "{12A911CF-476B-49E0-897B-EBA172B142A4}"
EndProject
Project("{FAE04EC0-301F-11D3-BF4B-00C04F79EFBC}") = "Application", "Application\Application.csproj", "{358FCA36-CB14-465E-AA4E-C483196AB24A}"
EndProject
Project("{FAE04EC0-301F-11D3-BF4B-00C04F79EFBC}") = "Domain.UnitTests", "Domain.UnitTests\Domain.UnitTests.csproj", "{017EFF33-70D0-4918-9736-D546AC74747E}"
EndProject
Global
	GlobalSection(SolutionConfigurationPlatforms) = preSolution
		Debug|Any CPU = Debug|Any CPU
		Release|Any CPU = Release|Any CPU
	EndGlobalSection
	GlobalSection(ProjectConfigurationPlatforms) = postSolution
		{12A911CF-476B-49E0-897B-EBA172B142A4}.Debug|Any CPU.ActiveCfg = Debug|Any CPU
		{12A911CF-476B-49E0-897B-EBA172B142A4}.Debug|Any CPU.Build.0 = Debug|Any CPU
		{12A911CF-476B-49E0-897B-EBA172B142A4}.Release|Any CPU.ActiveCfg = Release|Any CPU
		{12A911CF-476B-49E0-897B-EBA172B142A4}.Release|Any CPU.Build.0 = Release|Any CPU
		{358FCA36-CB14-465E-AA4E-C483196AB24A}.Debug|Any CPU.ActiveCfg = Debug|Any CPU
		{358FCA36-CB14-465E-AA4E-C483196AB24A}.Debug|Any CPU.Build.0 = Debug|Any CPU
		{358FCA36-CB14-465E-AA4E-C483196AB24A}.Release|Any CPU.ActiveCfg = Release|Any CPU
		{358FCA36-CB14-465E-AA4E-C483196AB24A}.Release|Any CPU.Build.0 = Release|Any CPU
		{017EFF33-70D0-4918-9736-D546AC74747E}.Debug|Any CPU.ActiveCfg = Debug|Any CPU
		{017EFF33-70D0-4918-9736-D546AC74747E}.Debug|Any CPU.Build.0 = Debug|Any CPU
		{017EFF33-70D0-4918-9736-D546AC74747E}.Release|Any CPU.ActiveCfg = Release|Any CPU
		{017EFF33-70D0-4918-9736-D546AC74747E}.Release|Any CPU.Build.0 = Release|Any CPU
	EndGlobalSection
	GlobalSection(SolutionProperties) = preSolution
		HideSolutionNode = FALSE
	EndGlobalSection
	GlobalSection(ExtensibilityGlobals) = postSolution
		SolutionGuid = {29F088B8-C737-407A-8200-265BB80BC741}
	EndGlobalSection
EndGlobal
